{
  "name": "@sme.up/gantt-component-example",
  "version": "0.0.0",
  "lockfileVersion": 2,
  "requires": true,
  "packages": {
    "": {
      "name": "@sme.up/gantt-component-example",
      "version": "0.0.0",
      "dependencies": {
        "@sme.up/gantt-component": "file:..",
        "@testing-library/jest-dom": "file:../node_modules/@testing-library/jest-dom",
        "@testing-library/react": "file:../node_modules/@testing-library/react",
        "@testing-library/user-event": "file:../node_modules/@testing-library/user-event",
        "@types/jest": "file:../node_modules/@types/jest",
        "@types/node": "file:../node_modules/@types/node",
        "@types/react": "file:../node_modules/@types/react",
        "@types/react-dom": "file:../node_modules/@types/react-dom",
        "postcss-preset-env": "file:../node_modules/postcss-preset-env",
        "react": "file:../node_modules/react",
        "react-dom": "file:../node_modules/react-dom",
        "react-scripts": "file:../node_modules/react-scripts"
      },
      "devDependencies": {
        "react-router-dom": "^6.9.0",
        "rimraf": "^3.0.2"
      }
    },
    "..": {
      "version": "1.3.15",
      "license": "MIT",
      "dependencies": {
        "luxon": "^3.2.0"
      },
      "devDependencies": {
        "@testing-library/jest-dom": "^5.16.4",
        "@testing-library/react": "^13.3.0",
        "@testing-library/user-event": "^14.2.1",
        "@types/jest": "^27.5.1",
        "@types/luxon": "^3.2.0",
        "@types/node": "^15.0.1",
        "@types/react": "^18.0.28",
        "@types/react-dom": "^18.0.11",
        "cross-env": "^7.0.3",
        "gh-pages": "^3.1.0",
        "microbundle-crl": "^0.13.11",
        "mini-css-extract-plugin": "^2.5.1",
        "npm-run-all": "^4.1.5",
        "postcss": "^8.4.19",
        "postcss-flexbugs-fixes": "^5.0.2",
        "postcss-loader": "^7.0.1",
        "postcss-normalize": "^10.0.1",
        "postcss-preset-env": "^7.6.0",
        "prettier": "^2.7.1",
        "react": "^18.2.0",
        "react-dom": "^18.2.0",
        "react-scripts": "^5.0.1",
        "rimraf": "^3.0.2",
        "sass": "^1.58.3",
        "typescript": "^4.7.4"
      },
      "engines": {
        "node": ">=10"
      },
      "peerDependencies": {
        "react": "18.2.0"
      }
    },
    "../node_modules/@testing-library/jest-dom": {
      "version": "5.16.5",
      "license": "MIT",
      "dependencies": {
        "@adobe/css-tools": "^4.0.1",
        "@babel/runtime": "^7.9.2",
        "@types/testing-library__jest-dom": "^5.9.1",
        "aria-query": "^5.0.0",
        "chalk": "^3.0.0",
        "css.escape": "^1.5.1",
        "dom-accessibility-api": "^0.5.6",
        "lodash": "^4.17.15",
        "redent": "^3.0.0"
      },
      "engines": {
        "node": ">=8",
        "npm": ">=6",
        "yarn": ">=1"
      }
    },
    "../node_modules/@testing-library/react": {
      "version": "13.4.0",
      "license": "MIT",
      "dependencies": {
        "@babel/runtime": "^7.12.5",
        "@testing-library/dom": "^8.5.0",
        "@types/react-dom": "^18.0.0"
      },
      "engines": {
        "node": ">=12"
      },
      "peerDependencies": {
        "react": "^18.0.0",
        "react-dom": "^18.0.0"
      }
    },
    "../node_modules/@testing-library/user-event": {
      "version": "14.4.3",
      "license": "MIT",
      "engines": {
        "node": ">=12",
        "npm": ">=6"
      },
      "peerDependencies": {
        "@testing-library/dom": ">=7.21.4"
      }
    },
    "../node_modules/@types/jest": {
      "version": "27.5.2",
      "license": "MIT",
      "dependencies": {
        "jest-matcher-utils": "^27.0.0",
        "pretty-format": "^27.0.0"
      }
    },
    "../node_modules/@types/node": {
      "version": "15.14.9",
      "license": "MIT"
    },
    "../node_modules/@types/react": {
      "version": "18.0.28",
      "license": "MIT",
      "dependencies": {
        "@types/prop-types": "*",
        "@types/scheduler": "*",
        "csstype": "^3.0.2"
      }
    },
    "../node_modules/@types/react-dom": {
      "version": "18.0.11",
      "license": "MIT",
      "dependencies": {
        "@types/react": "*"
      }
    },
    "../node_modules/postcss-preset-env": {
      "version": "7.8.3",
      "license": "CC0-1.0",
      "dependencies": {
        "@csstools/postcss-cascade-layers": "^1.1.1",
        "@csstools/postcss-color-function": "^1.1.1",
        "@csstools/postcss-font-format-keywords": "^1.0.1",
        "@csstools/postcss-hwb-function": "^1.0.2",
        "@csstools/postcss-ic-unit": "^1.0.1",
        "@csstools/postcss-is-pseudo-class": "^2.0.7",
        "@csstools/postcss-nested-calc": "^1.0.0",
        "@csstools/postcss-normalize-display-values": "^1.0.1",
        "@csstools/postcss-oklab-function": "^1.1.1",
        "@csstools/postcss-progressive-custom-properties": "^1.3.0",
        "@csstools/postcss-stepped-value-functions": "^1.0.1",
        "@csstools/postcss-text-decoration-shorthand": "^1.0.0",
        "@csstools/postcss-trigonometric-functions": "^1.0.2",
        "@csstools/postcss-unset-value": "^1.0.2",
        "autoprefixer": "^10.4.13",
        "browserslist": "^4.21.4",
        "css-blank-pseudo": "^3.0.3",
        "css-has-pseudo": "^3.0.4",
        "css-prefers-color-scheme": "^6.0.3",
        "cssdb": "^7.1.0",
        "postcss-attribute-case-insensitive": "^5.0.2",
        "postcss-clamp": "^4.1.0",
        "postcss-color-functional-notation": "^4.2.4",
        "postcss-color-hex-alpha": "^8.0.4",
        "postcss-color-rebeccapurple": "^7.1.1",
        "postcss-custom-media": "^8.0.2",
        "postcss-custom-properties": "^12.1.10",
        "postcss-custom-selectors": "^6.0.3",
        "postcss-dir-pseudo-class": "^6.0.5",
        "postcss-double-position-gradients": "^3.1.2",
        "postcss-env-function": "^4.0.6",
        "postcss-focus-visible": "^6.0.4",
        "postcss-focus-within": "^5.0.4",
        "postcss-font-variant": "^5.0.0",
        "postcss-gap-properties": "^3.0.5",
        "postcss-image-set-function": "^4.0.7",
        "postcss-initial": "^4.0.1",
        "postcss-lab-function": "^4.2.1",
        "postcss-logical": "^5.0.4",
        "postcss-media-minmax": "^5.0.0",
        "postcss-nesting": "^10.2.0",
        "postcss-opacity-percentage": "^1.1.2",
        "postcss-overflow-shorthand": "^3.0.4",
        "postcss-page-break": "^3.0.4",
        "postcss-place": "^7.0.5",
        "postcss-pseudo-class-any-link": "^7.1.6",
        "postcss-replace-overflow-wrap": "^4.0.0",
        "postcss-selector-not": "^6.0.1",
        "postcss-value-parser": "^4.2.0"
      },
      "engines": {
        "node": "^12 || ^14 || >=16"
      },
      "funding": {
        "type": "opencollective",
        "url": "https://opencollective.com/csstools"
      },
      "peerDependencies": {
        "postcss": "^8.2"
      }
    },
    "../node_modules/react": {
      "version": "18.2.0",
      "license": "MIT",
      "dependencies": {
        "loose-envify": "^1.1.0"
      },
      "engines": {
        "node": ">=0.10.0"
      }
    },
    "../node_modules/react-dom": {
      "version": "18.2.0",
      "license": "MIT",
      "dependencies": {
        "loose-envify": "^1.1.0",
        "scheduler": "^0.23.0"
      },
      "peerDependencies": {
        "react": "^18.2.0"
      }
    },
    "../node_modules/react-scripts": {
      "version": "5.0.1",
      "license": "MIT",
      "dependencies": {
        "@babel/core": "^7.16.0",
        "@pmmmwh/react-refresh-webpack-plugin": "^0.5.3",
        "@svgr/webpack": "^5.5.0",
        "babel-jest": "^27.4.2",
        "babel-loader": "^8.2.3",
        "babel-plugin-named-asset-import": "^0.3.8",
        "babel-preset-react-app": "^10.0.1",
        "bfj": "^7.0.2",
        "browserslist": "^4.18.1",
        "camelcase": "^6.2.1",
        "case-sensitive-paths-webpack-plugin": "^2.4.0",
        "css-loader": "^6.5.1",
        "css-minimizer-webpack-plugin": "^3.2.0",
        "dotenv": "^10.0.0",
        "dotenv-expand": "^5.1.0",
        "eslint": "^8.3.0",
        "eslint-config-react-app": "^7.0.1",
        "eslint-webpack-plugin": "^3.1.1",
        "file-loader": "^6.2.0",
        "fs-extra": "^10.0.0",
        "html-webpack-plugin": "^5.5.0",
        "identity-obj-proxy": "^3.0.0",
        "jest": "^27.4.3",
        "jest-resolve": "^27.4.2",
        "jest-watch-typeahead": "^1.0.0",
        "mini-css-extract-plugin": "^2.4.5",
        "postcss": "^8.4.4",
        "postcss-flexbugs-fixes": "^5.0.2",
        "postcss-loader": "^6.2.1",
        "postcss-normalize": "^10.0.1",
        "postcss-preset-env": "^7.0.1",
        "prompts": "^2.4.2",
        "react-app-polyfill": "^3.0.0",
        "react-dev-utils": "^12.0.1",
        "react-refresh": "^0.11.0",
        "resolve": "^1.20.0",
        "resolve-url-loader": "^4.0.0",
        "sass-loader": "^12.3.0",
        "semver": "^7.3.5",
        "source-map-loader": "^3.0.0",
        "style-loader": "^3.3.1",
        "tailwindcss": "^3.0.2",
        "terser-webpack-plugin": "^5.2.5",
        "webpack": "^5.64.4",
        "webpack-dev-server": "^4.6.0",
        "webpack-manifest-plugin": "^4.0.2",
        "workbox-webpack-plugin": "^6.4.1"
      },
      "bin": {
        "react-scripts": "bin/react-scripts.js"
      },
      "engines": {
        "node": ">=14.0.0"
      },
      "optionalDependencies": {
        "fsevents": "^2.3.2"
      },
      "peerDependencies": {
        "react": ">= 16",
        "typescript": "^3.2.1 || ^4"
      },
      "peerDependenciesMeta": {
        "typescript": {
          "optional": true
        }
      }
    },
    "node_modules/@remix-run/router": {
      "version": "1.4.0",
      "resolved": "https://registry.npmjs.org/@remix-run/router/-/router-1.4.0.tgz",
      "integrity": "sha512-BJ9SxXux8zAg991UmT8slpwpsd31K1dHHbD3Ba4VzD+liLQ4WAMSxQp2d2ZPRPfN0jN2NPRowcSSoM7lCaF08Q==",
      "dev": true,
      "engines": {
        "node": ">=14"
      }
    },
    "node_modules/@sme.up/gantt-component": {
      "resolved": "..",
      "link": true
    },
    "node_modules/@testing-library/jest-dom": {
      "resolved": "../node_modules/@testing-library/jest-dom",
      "link": true
    },
    "node_modules/@testing-library/react": {
      "resolved": "../node_modules/@testing-library/react",
      "link": true
    },
    "node_modules/@testing-library/user-event": {
      "resolved": "../node_modules/@testing-library/user-event",
      "link": true
    },
    "node_modules/@types/jest": {
      "resolved": "../node_modules/@types/jest",
      "link": true
    },
    "node_modules/@types/node": {
      "resolved": "../node_modules/@types/node",
      "link": true
    },
    "node_modules/@types/react": {
      "resolved": "../node_modules/@types/react",
      "link": true
    },
    "node_modules/@types/react-dom": {
      "resolved": "../node_modules/@types/react-dom",
      "link": true
    },
    "node_modules/balanced-match": {
      "version": "1.0.2",
      "resolved": "https://registry.npmjs.org/balanced-match/-/balanced-match-1.0.2.tgz",
      "integrity": "sha512-3oSeUO0TMV67hN1AmbXsK4yaqU7tjiHlbxRDZOpH0KW9+CeX4bRAaX0Anxt0tx2MrpRpWwQaPwIlISEJhYU5Pw==",
      "dev": true
    },
    "node_modules/brace-expansion": {
      "version": "1.1.11",
      "resolved": "https://registry.npmjs.org/brace-expansion/-/brace-expansion-1.1.11.tgz",
      "integrity": "sha512-iCuPHDFgrHX7H2vEI/5xpz07zSHB00TpugqhmYtVmMO6518mCuRMoOYFldEBl0g187ufozdaHgWKcYFb61qGiA==",
      "dev": true,
      "dependencies": {
        "balanced-match": "^1.0.0",
        "concat-map": "0.0.1"
      }
    },
    "node_modules/concat-map": {
      "version": "0.0.1",
      "resolved": "https://registry.npmjs.org/concat-map/-/concat-map-0.0.1.tgz",
      "integrity": "sha512-/Srv4dswyQNBfohGpz9o6Yb3Gz3SrUDqBH5rTuhGR7ahtlbYKnVxw2bCFMRljaA7EXHaXZ8wsHdodFvbkhKmqg==",
      "dev": true
    },
    "node_modules/fs.realpath": {
      "version": "1.0.0",
      "resolved": "https://registry.npmjs.org/fs.realpath/-/fs.realpath-1.0.0.tgz",
      "integrity": "sha512-OO0pH2lK6a0hZnAdau5ItzHPI6pUlvI7jMVnxUQRtw4owF2wk8lOSabtGDCTP4Ggrg2MbGnWO9X8K1t4+fGMDw==",
      "dev": true
    },
    "node_modules/glob": {
      "version": "7.2.3",
      "resolved": "https://registry.npmjs.org/glob/-/glob-7.2.3.tgz",
      "integrity": "sha512-nFR0zLpU2YCaRxwoCJvL6UvCH2JFyFVIvwTLsIf21AuHlMskA1hhTdk+LlYJtOlYt9v6dvszD2BGRqBL+iQK9Q==",
      "dev": true,
      "dependencies": {
        "fs.realpath": "^1.0.0",
        "inflight": "^1.0.4",
        "inherits": "2",
        "minimatch": "^3.1.1",
        "once": "^1.3.0",
        "path-is-absolute": "^1.0.0"
      },
      "engines": {
        "node": "*"
      },
      "funding": {
        "url": "https://github.com/sponsors/isaacs"
      }
    },
    "node_modules/inflight": {
      "version": "1.0.6",
      "resolved": "https://registry.npmjs.org/inflight/-/inflight-1.0.6.tgz",
      "integrity": "sha512-k92I/b08q4wvFscXCLvqfsHCrjrF7yiXsQuIVvVE7N82W3+aqpzuUdBbfhWcy/FZR3/4IgflMgKLOsvPDrGCJA==",
      "dev": true,
      "dependencies": {
        "once": "^1.3.0",
        "wrappy": "1"
      }
    },
    "node_modules/inherits": {
      "version": "2.0.4",
      "resolved": "https://registry.npmjs.org/inherits/-/inherits-2.0.4.tgz",
      "integrity": "sha512-k/vGaX4/Yla3WzyMCvTQOXYeIHvqOKtnqBduzTHpzpQZzAskKMhZ2K+EnBiSM9zGSoIFeMpXKxa4dYeZIQqewQ==",
      "dev": true
    },
    "node_modules/minimatch": {
      "version": "3.1.2",
      "resolved": "https://registry.npmjs.org/minimatch/-/minimatch-3.1.2.tgz",
      "integrity": "sha512-J7p63hRiAjw1NDEww1W7i37+ByIrOWO5XQQAzZ3VOcL0PNybwpfmV/N05zFAzwQ9USyEcX6t3UO+K5aqBQOIHw==",
      "dev": true,
      "dependencies": {
        "brace-expansion": "^1.1.7"
      },
      "engines": {
        "node": "*"
      }
    },
    "node_modules/once": {
      "version": "1.4.0",
      "resolved": "https://registry.npmjs.org/once/-/once-1.4.0.tgz",
      "integrity": "sha512-lNaJgI+2Q5URQBkccEKHTQOPaXdUxnZZElQTZY0MFUAuaEqe1E+Nyvgdz/aIyNi6Z9MzO5dv1H8n58/GELp3+w==",
      "dev": true,
      "dependencies": {
        "wrappy": "1"
      }
    },
    "node_modules/path-is-absolute": {
      "version": "1.0.1",
      "resolved": "https://registry.npmjs.org/path-is-absolute/-/path-is-absolute-1.0.1.tgz",
      "integrity": "sha512-AVbw3UJ2e9bq64vSaS9Am0fje1Pa8pbGqTTsmXfaIiMpnr5DlDhfJOuLj9Sf95ZPVDAUerDfEk88MPmPe7UCQg==",
      "dev": true,
      "engines": {
        "node": ">=0.10.0"
      }
    },
    "node_modules/postcss-preset-env": {
      "resolved": "../node_modules/postcss-preset-env",
      "link": true
    },
    "node_modules/react": {
      "resolved": "../node_modules/react",
      "link": true
    },
    "node_modules/react-dom": {
      "resolved": "../node_modules/react-dom",
      "link": true
    },
    "node_modules/react-router": {
      "version": "6.9.0",
      "resolved": "https://registry.npmjs.org/react-router/-/react-router-6.9.0.tgz",
      "integrity": "sha512-51lKevGNUHrt6kLuX3e/ihrXoXCa9ixY/nVWRLlob4r/l0f45x3SzBvYJe3ctleLUQQ5fVa4RGgJOTH7D9Umhw==",
      "dev": true,
      "dependencies": {
        "@remix-run/router": "1.4.0"
      },
      "engines": {
        "node": ">=14"
      },
      "peerDependencies": {
        "react": ">=16.8"
      }
    },
    "node_modules/react-router-dom": {
      "version": "6.9.0",
      "resolved": "https://registry.npmjs.org/react-router-dom/-/react-router-dom-6.9.0.tgz",
      "integrity": "sha512-/seUAPY01VAuwkGyVBPCn1OXfVbaWGGu4QN9uj0kCPcTyNYgL1ldZpxZUpRU7BLheKQI4Twtl/OW2nHRF1u26Q==",
      "dev": true,
      "dependencies": {
        "@remix-run/router": "1.4.0",
        "react-router": "6.9.0"
      },
      "engines": {
        "node": ">=14"
      },
      "peerDependencies": {
        "react": ">=16.8",
        "react-dom": ">=16.8"
      }
    },
    "node_modules/react-scripts": {
      "resolved": "../node_modules/react-scripts",
      "link": true
    },
    "node_modules/rimraf": {
      "version": "3.0.2",
      "resolved": "https://registry.npmjs.org/rimraf/-/rimraf-3.0.2.tgz",
      "integrity": "sha512-JZkJMZkAGFFPP2YqXZXPbMlMBgsxzE8ILs4lMIX/2o0L9UBw9O/Y3o6wFw/i9YLapcUJWwqbi3kdxIPdC62TIA==",
      "dev": true,
      "dependencies": {
        "glob": "^7.1.3"
      },
      "bin": {
        "rimraf": "bin.js"
      },
      "funding": {
        "url": "https://github.com/sponsors/isaacs"
      }
    },
    "node_modules/wrappy": {
      "version": "1.0.2",
      "resolved": "https://registry.npmjs.org/wrappy/-/wrappy-1.0.2.tgz",
      "integrity": "sha512-l4Sp/DRseor9wL6EvV2+TuQn63dMkPjZ/sp9XkghTEbV9KlPS1xUsZ3u7/IQO4wxtcFB4bgpQPRcR3QCvezPcQ==",
      "dev": true
    }
  },
  "dependencies": {
    "@remix-run/router": {
      "version": "1.4.0",
      "resolved": "https://registry.npmjs.org/@remix-run/router/-/router-1.4.0.tgz",
      "integrity": "sha512-BJ9SxXux8zAg991UmT8slpwpsd31K1dHHbD3Ba4VzD+liLQ4WAMSxQp2d2ZPRPfN0jN2NPRowcSSoM7lCaF08Q==",
      "dev": true
    },
    "@sme.up/gantt-component": {
      "version": "file:..",
      "requires": {
        "@testing-library/jest-dom": "^5.16.4",
        "@testing-library/react": "^13.3.0",
        "@testing-library/user-event": "^14.2.1",
        "@types/jest": "^27.5.1",
        "@types/luxon": "^3.2.0",
        "@types/node": "^15.0.1",
        "@types/react": "^18.0.28",
        "@types/react-dom": "^18.0.11",
        "cross-env": "^7.0.3",
        "gh-pages": "^3.1.0",
        "luxon": "^3.2.0",
        "microbundle-crl": "^0.13.11",
        "mini-css-extract-plugin": "^2.5.1",
        "npm-run-all": "^4.1.5",
        "postcss": "^8.4.19",
        "postcss-flexbugs-fixes": "^5.0.2",
        "postcss-loader": "^7.0.1",
        "postcss-normalize": "^10.0.1",
        "postcss-preset-env": "^7.6.0",
        "prettier": "^2.7.1",
        "react": "^18.2.0",
        "react-dom": "^18.2.0",
        "react-scripts": "^5.0.1",
        "rimraf": "^3.0.2",
        "sass": "^1.58.3",
        "typescript": "^4.7.4"
      },
      "dependencies": {
        "@testing-library/jest-dom": {
          "version": "5.16.5",
          "requires": {
            "@adobe/css-tools": "^4.0.1",
            "@babel/runtime": "^7.9.2",
            "@types/testing-library__jest-dom": "^5.9.1",
            "aria-query": "^5.0.0",
            "chalk": "^3.0.0",
            "css.escape": "^1.5.1",
            "dom-accessibility-api": "^0.5.6",
            "jest-environment-jsdom-sixteen": "^1.0.3",
            "jest-watch-select-projects": "^2.0.0",
            "jsdom": "^16.2.1",
            "kcd-scripts": "^11.1.0",
            "lodash": "^4.17.15",
            "pretty-format": "^25.1.0",
            "redent": "^3.0.0"
          }
        },
        "@testing-library/react": {
          "version": "13.4.0",
          "requires": {
            "@babel/runtime": "^7.12.5",
            "@testing-library/dom": "^8.5.0",
            "@testing-library/jest-dom": "^5.11.6",
            "@types/react-dom": "^18.0.0",
            "dotenv-cli": "^4.0.0",
            "kcd-scripts": "^11.1.0",
            "npm-run-all": "^4.1.5",
            "react": "^18.0.0",
            "react-dom": "^18.0.0",
            "rimraf": "^3.0.2",
            "typescript": "^4.1.2"
          }
        },
        "@testing-library/user-event": {
          "version": "14.4.3",
          "requires": {
            "@ph.fritsche/scripts-config": "^2.4.0",
            "@testing-library/dom": "^8.11.4",
            "@testing-library/jest-dom": "^5.16.3",
            "@testing-library/react": "^13.0.0",
            "@types/jest-in-case": "^1.0.3",
            "@types/react": "^17.0.42",
            "eslint-import-resolver-typescript": "^2.7.0",
            "eslint-plugin-local-rules": "^1.1.0",
            "is-ci": "^3.0.1",
            "jest-in-case": "^1.0.2",
            "jest-serializer-ansi": "^1.0.3",
            "kcd-scripts": "^12.1.0",
            "react": "^18.0.0",
            "react-dom": "^18.0.0",
            "react17": "npm:react@^17.0.2",
            "reactDom17": "npm:react-dom@^17.0.2",
            "reactIs17": "npm:react-is@^17.0.2",
            "reactTesting17": "npm:@testing-library/react@^12.1.3",
            "shared-scripts": "^1.5.1",
            "typescript": "^4.1.2"
          }
        },
        "@types/jest": {
          "version": "27.5.2",
          "requires": {
            "jest-matcher-utils": "^27.0.0",
            "pretty-format": "^27.0.0"
          }
        },
        "@types/node": {
          "version": "15.14.9"
        },
        "@types/react": {
          "version": "18.0.28",
          "requires": {
            "@types/prop-types": "*",
            "@types/scheduler": "*",
            "csstype": "^3.0.2"
          }
        },
        "@types/react-dom": {
          "version": "18.0.11",
          "requires": {
            "@types/react": "*"
          }
        },
        "postcss-preset-env": {
          "version": "7.8.3",
          "requires": {
            "@csstools/postcss-cascade-layers": "^1.1.1",
            "@csstools/postcss-color-function": "^1.1.1",
            "@csstools/postcss-font-format-keywords": "^1.0.1",
            "@csstools/postcss-hwb-function": "^1.0.2",
            "@csstools/postcss-ic-unit": "^1.0.1",
            "@csstools/postcss-is-pseudo-class": "^2.0.7",
            "@csstools/postcss-nested-calc": "^1.0.0",
            "@csstools/postcss-normalize-display-values": "^1.0.1",
            "@csstools/postcss-oklab-function": "^1.1.1",
            "@csstools/postcss-progressive-custom-properties": "^1.3.0",
            "@csstools/postcss-stepped-value-functions": "^1.0.1",
            "@csstools/postcss-text-decoration-shorthand": "^1.0.0",
            "@csstools/postcss-trigonometric-functions": "^1.0.2",
            "@csstools/postcss-unset-value": "^1.0.2",
            "autoprefixer": "^10.4.13",
            "browserslist": "^4.21.4",
            "css-blank-pseudo": "^3.0.3",
            "css-has-pseudo": "^3.0.4",
            "css-prefers-color-scheme": "^6.0.3",
            "cssdb": "^7.1.0",
            "postcss-attribute-case-insensitive": "^5.0.2",
            "postcss-clamp": "^4.1.0",
            "postcss-color-functional-notation": "^4.2.4",
            "postcss-color-hex-alpha": "^8.0.4",
            "postcss-color-rebeccapurple": "^7.1.1",
            "postcss-custom-media": "^8.0.2",
            "postcss-custom-properties": "^12.1.10",
            "postcss-custom-selectors": "^6.0.3",
            "postcss-dir-pseudo-class": "^6.0.5",
            "postcss-double-position-gradients": "^3.1.2",
            "postcss-env-function": "^4.0.6",
            "postcss-focus-visible": "^6.0.4",
            "postcss-focus-within": "^5.0.4",
            "postcss-font-variant": "^5.0.0",
            "postcss-gap-properties": "^3.0.5",
            "postcss-image-set-function": "^4.0.7",
            "postcss-initial": "^4.0.1",
            "postcss-lab-function": "^4.2.1",
            "postcss-logical": "^5.0.4",
            "postcss-media-minmax": "^5.0.0",
            "postcss-nesting": "^10.2.0",
            "postcss-opacity-percentage": "^1.1.2",
            "postcss-overflow-shorthand": "^3.0.4",
            "postcss-page-break": "^3.0.4",
            "postcss-place": "^7.0.5",
            "postcss-pseudo-class-any-link": "^7.1.6",
            "postcss-replace-overflow-wrap": "^4.0.0",
            "postcss-selector-not": "^6.0.1",
            "postcss-simple-vars": "^7.0.0",
            "postcss-value-parser": "^4.2.0"
          }
        },
        "react": {
          "version": "18.2.0",
          "requires": {
            "loose-envify": "^1.1.0"
          }
        },
        "react-dom": {
          "version": "18.2.0",
          "requires": {
            "loose-envify": "^1.1.0",
            "scheduler": "^0.23.0"
          }
        },
        "react-scripts": {
          "version": "5.0.1",
          "requires": {
            "@babel/core": "^7.16.0",
            "@pmmmwh/react-refresh-webpack-plugin": "^0.5.3",
            "@svgr/webpack": "^5.5.0",
            "babel-jest": "^27.4.2",
            "babel-loader": "^8.2.3",
            "babel-plugin-named-asset-import": "^0.3.8",
            "babel-preset-react-app": "^10.0.1",
            "bfj": "^7.0.2",
            "browserslist": "^4.18.1",
            "camelcase": "^6.2.1",
            "case-sensitive-paths-webpack-plugin": "^2.4.0",
            "css-loader": "^6.5.1",
            "css-minimizer-webpack-plugin": "^3.2.0",
            "dotenv": "^10.0.0",
            "dotenv-expand": "^5.1.0",
            "eslint": "^8.3.0",
            "eslint-config-react-app": "^7.0.1",
            "eslint-webpack-plugin": "^3.1.1",
            "file-loader": "^6.2.0",
            "fs-extra": "^10.0.0",
            "fsevents": "^2.3.2",
            "html-webpack-plugin": "^5.5.0",
            "identity-obj-proxy": "^3.0.0",
            "jest": "^27.4.3",
            "jest-resolve": "^27.4.2",
            "jest-watch-typeahead": "^1.0.0",
            "mini-css-extract-plugin": "^2.4.5",
            "postcss": "^8.4.4",
            "postcss-flexbugs-fixes": "^5.0.2",
            "postcss-loader": "^6.2.1",
            "postcss-normalize": "^10.0.1",
            "postcss-preset-env": "^7.0.1",
            "prompts": "^2.4.2",
            "react": "^18.0.0",
            "react-app-polyfill": "^3.0.0",
            "react-dev-utils": "^12.0.1",
            "react-dom": "^18.0.0",
            "react-refresh": "^0.11.0",
            "resolve": "^1.20.0",
            "resolve-url-loader": "^4.0.0",
            "sass-loader": "^12.3.0",
            "semver": "^7.3.5",
            "source-map-loader": "^3.0.0",
            "style-loader": "^3.3.1",
            "tailwindcss": "^3.0.2",
            "terser-webpack-plugin": "^5.2.5",
            "webpack": "^5.64.4",
            "webpack-dev-server": "^4.6.0",
            "webpack-manifest-plugin": "^4.0.2",
            "workbox-webpack-plugin": "^6.4.1"
          }
        }
      }
    },
    "@testing-library/jest-dom": {
      "version": "file:../node_modules/@testing-library/jest-dom",
      "requires": {
        "@adobe/css-tools": "^4.0.1",
        "@babel/runtime": "^7.9.2",
        "@types/testing-library__jest-dom": "^5.9.1",
        "aria-query": "^5.0.0",
        "chalk": "^3.0.0",
        "css.escape": "^1.5.1",
        "dom-accessibility-api": "^0.5.6",
        "jest-environment-jsdom-sixteen": "^1.0.3",
        "jest-watch-select-projects": "^2.0.0",
        "jsdom": "^16.2.1",
        "kcd-scripts": "^11.1.0",
        "lodash": "^4.17.15",
        "pretty-format": "^25.1.0",
        "redent": "^3.0.0"
      }
    },
    "@testing-library/react": {
      "version": "file:../node_modules/@testing-library/react",
      "requires": {
        "@babel/runtime": "^7.12.5",
        "@testing-library/dom": "^8.5.0",
        "@testing-library/jest-dom": "^5.11.6",
        "@types/react-dom": "^18.0.0",
        "dotenv-cli": "^4.0.0",
        "kcd-scripts": "^11.1.0",
        "npm-run-all": "^4.1.5",
        "react": "^18.0.0",
        "react-dom": "^18.0.0",
        "rimraf": "^3.0.2",
        "typescript": "^4.1.2"
      }
    },
    "@testing-library/user-event": {
      "version": "file:../node_modules/@testing-library/user-event",
      "requires": {
        "@ph.fritsche/scripts-config": "^2.4.0",
        "@testing-library/dom": "^8.11.4",
        "@testing-library/jest-dom": "^5.16.3",
        "@testing-library/react": "^13.0.0",
        "@types/jest-in-case": "^1.0.3",
        "@types/react": "^17.0.42",
        "eslint-import-resolver-typescript": "^2.7.0",
        "eslint-plugin-local-rules": "^1.1.0",
        "is-ci": "^3.0.1",
        "jest-in-case": "^1.0.2",
        "jest-serializer-ansi": "^1.0.3",
        "kcd-scripts": "^12.1.0",
        "react": "^18.0.0",
        "react-dom": "^18.0.0",
        "react17": "npm:react@^17.0.2",
        "reactDom17": "npm:react-dom@^17.0.2",
        "reactIs17": "npm:react-is@^17.0.2",
        "reactTesting17": "npm:@testing-library/react@^12.1.3",
        "shared-scripts": "^1.5.1",
        "typescript": "^4.1.2"
      }
    },
    "@types/jest": {
      "version": "file:../node_modules/@types/jest",
      "requires": {
        "jest-matcher-utils": "^27.0.0",
        "pretty-format": "^27.0.0"
      }
    },
    "@types/node": {
      "version": "file:../node_modules/@types/node"
    },
    "@types/react": {
      "version": "file:../node_modules/@types/react",
      "requires": {
        "@types/prop-types": "*",
        "@types/scheduler": "*",
        "csstype": "^3.0.2"
      }
    },
    "@types/react-dom": {
      "version": "file:../node_modules/@types/react-dom",
      "requires": {
        "@types/react": "*"
      }
    },
    "balanced-match": {
      "version": "1.0.2",
      "resolved": "https://registry.npmjs.org/balanced-match/-/balanced-match-1.0.2.tgz",
      "integrity": "sha512-3oSeUO0TMV67hN1AmbXsK4yaqU7tjiHlbxRDZOpH0KW9+CeX4bRAaX0Anxt0tx2MrpRpWwQaPwIlISEJhYU5Pw==",
      "dev": true
    },
    "brace-expansion": {
      "version": "1.1.11",
      "resolved": "https://registry.npmjs.org/brace-expansion/-/brace-expansion-1.1.11.tgz",
      "integrity": "sha512-iCuPHDFgrHX7H2vEI/5xpz07zSHB00TpugqhmYtVmMO6518mCuRMoOYFldEBl0g187ufozdaHgWKcYFb61qGiA==",
      "dev": true,
      "requires": {
        "balanced-match": "^1.0.0",
        "concat-map": "0.0.1"
      }
    },
    "concat-map": {
      "version": "0.0.1",
      "resolved": "https://registry.npmjs.org/concat-map/-/concat-map-0.0.1.tgz",
      "integrity": "sha512-/Srv4dswyQNBfohGpz9o6Yb3Gz3SrUDqBH5rTuhGR7ahtlbYKnVxw2bCFMRljaA7EXHaXZ8wsHdodFvbkhKmqg==",
      "dev": true
    },
    "fs.realpath": {
      "version": "1.0.0",
      "resolved": "https://registry.npmjs.org/fs.realpath/-/fs.realpath-1.0.0.tgz",
      "integrity": "sha512-OO0pH2lK6a0hZnAdau5ItzHPI6pUlvI7jMVnxUQRtw4owF2wk8lOSabtGDCTP4Ggrg2MbGnWO9X8K1t4+fGMDw==",
      "dev": true
    },
    "glob": {
      "version": "7.2.3",
      "resolved": "https://registry.npmjs.org/glob/-/glob-7.2.3.tgz",
      "integrity": "sha512-nFR0zLpU2YCaRxwoCJvL6UvCH2JFyFVIvwTLsIf21AuHlMskA1hhTdk+LlYJtOlYt9v6dvszD2BGRqBL+iQK9Q==",
      "dev": true,
      "requires": {
        "fs.realpath": "^1.0.0",
        "inflight": "^1.0.4",
        "inherits": "2",
        "minimatch": "^3.1.1",
        "once": "^1.3.0",
        "path-is-absolute": "^1.0.0"
      }
    },
    "inflight": {
      "version": "1.0.6",
      "resolved": "https://registry.npmjs.org/inflight/-/inflight-1.0.6.tgz",
      "integrity": "sha512-k92I/b08q4wvFscXCLvqfsHCrjrF7yiXsQuIVvVE7N82W3+aqpzuUdBbfhWcy/FZR3/4IgflMgKLOsvPDrGCJA==",
      "dev": true,
      "requires": {
        "once": "^1.3.0",
        "wrappy": "1"
      }
    },
    "inherits": {
      "version": "2.0.4",
      "resolved": "https://registry.npmjs.org/inherits/-/inherits-2.0.4.tgz",
      "integrity": "sha512-k/vGaX4/Yla3WzyMCvTQOXYeIHvqOKtnqBduzTHpzpQZzAskKMhZ2K+EnBiSM9zGSoIFeMpXKxa4dYeZIQqewQ==",
      "dev": true
    },
    "minimatch": {
      "version": "3.1.2",
      "resolved": "https://registry.npmjs.org/minimatch/-/minimatch-3.1.2.tgz",
      "integrity": "sha512-J7p63hRiAjw1NDEww1W7i37+ByIrOWO5XQQAzZ3VOcL0PNybwpfmV/N05zFAzwQ9USyEcX6t3UO+K5aqBQOIHw==",
      "dev": true,
      "requires": {
        "brace-expansion": "^1.1.7"
      }
    },
    "once": {
      "version": "1.4.0",
      "resolved": "https://registry.npmjs.org/once/-/once-1.4.0.tgz",
      "integrity": "sha512-lNaJgI+2Q5URQBkccEKHTQOPaXdUxnZZElQTZY0MFUAuaEqe1E+Nyvgdz/aIyNi6Z9MzO5dv1H8n58/GELp3+w==",
      "dev": true,
      "requires": {
        "wrappy": "1"
      }
    },
    "path-is-absolute": {
      "version": "1.0.1",
      "resolved": "https://registry.npmjs.org/path-is-absolute/-/path-is-absolute-1.0.1.tgz",
      "integrity": "sha512-AVbw3UJ2e9bq64vSaS9Am0fje1Pa8pbGqTTsmXfaIiMpnr5DlDhfJOuLj9Sf95ZPVDAUerDfEk88MPmPe7UCQg==",
      "dev": true
    },
    "postcss-preset-env": {
      "version": "file:../node_modules/postcss-preset-env",
      "requires": {
        "@csstools/postcss-cascade-layers": "^1.1.1",
        "@csstools/postcss-color-function": "^1.1.1",
        "@csstools/postcss-font-format-keywords": "^1.0.1",
        "@csstools/postcss-hwb-function": "^1.0.2",
        "@csstools/postcss-ic-unit": "^1.0.1",
        "@csstools/postcss-is-pseudo-class": "^2.0.7",
        "@csstools/postcss-nested-calc": "^1.0.0",
        "@csstools/postcss-normalize-display-values": "^1.0.1",
        "@csstools/postcss-oklab-function": "^1.1.1",
        "@csstools/postcss-progressive-custom-properties": "^1.3.0",
        "@csstools/postcss-stepped-value-functions": "^1.0.1",
        "@csstools/postcss-text-decoration-shorthand": "^1.0.0",
        "@csstools/postcss-trigonometric-functions": "^1.0.2",
        "@csstools/postcss-unset-value": "^1.0.2",
        "autoprefixer": "^10.4.13",
        "browserslist": "^4.21.4",
        "css-blank-pseudo": "^3.0.3",
        "css-has-pseudo": "^3.0.4",
        "css-prefers-color-scheme": "^6.0.3",
        "cssdb": "^7.1.0",
        "postcss-attribute-case-insensitive": "^5.0.2",
        "postcss-clamp": "^4.1.0",
        "postcss-color-functional-notation": "^4.2.4",
        "postcss-color-hex-alpha": "^8.0.4",
        "postcss-color-rebeccapurple": "^7.1.1",
        "postcss-custom-media": "^8.0.2",
        "postcss-custom-properties": "^12.1.10",
        "postcss-custom-selectors": "^6.0.3",
        "postcss-dir-pseudo-class": "^6.0.5",
        "postcss-double-position-gradients": "^3.1.2",
        "postcss-env-function": "^4.0.6",
        "postcss-focus-visible": "^6.0.4",
        "postcss-focus-within": "^5.0.4",
        "postcss-font-variant": "^5.0.0",
        "postcss-gap-properties": "^3.0.5",
        "postcss-image-set-function": "^4.0.7",
        "postcss-initial": "^4.0.1",
        "postcss-lab-function": "^4.2.1",
        "postcss-logical": "^5.0.4",
        "postcss-media-minmax": "^5.0.0",
        "postcss-nesting": "^10.2.0",
        "postcss-opacity-percentage": "^1.1.2",
        "postcss-overflow-shorthand": "^3.0.4",
        "postcss-page-break": "^3.0.4",
        "postcss-place": "^7.0.5",
        "postcss-pseudo-class-any-link": "^7.1.6",
        "postcss-replace-overflow-wrap": "^4.0.0",
        "postcss-selector-not": "^6.0.1",
        "postcss-simple-vars": "^7.0.0",
        "postcss-value-parser": "^4.2.0"
      }
    },
    "react": {
      "version": "file:../node_modules/react",
      "requires": {
        "loose-envify": "^1.1.0"
      }
    },
    "react-dom": {
      "version": "file:../node_modules/react-dom",
      "requires": {
        "loose-envify": "^1.1.0",
        "scheduler": "^0.23.0"
      }
    },
    "react-router": {
      "version": "6.9.0",
      "resolved": "https://registry.npmjs.org/react-router/-/react-router-6.9.0.tgz",
      "integrity": "sha512-51lKevGNUHrt6kLuX3e/ihrXoXCa9ixY/nVWRLlob4r/l0f45x3SzBvYJe3ctleLUQQ5fVa4RGgJOTH7D9Umhw==",
      "dev": true,
      "requires": {
        "@remix-run/router": "1.4.0"
      }
    },
    "react-router-dom": {
      "version": "6.9.0",
      "resolved": "https://registry.npmjs.org/react-router-dom/-/react-router-dom-6.9.0.tgz",
      "integrity": "sha512-/seUAPY01VAuwkGyVBPCn1OXfVbaWGGu4QN9uj0kCPcTyNYgL1ldZpxZUpRU7BLheKQI4Twtl/OW2nHRF1u26Q==",
      "dev": true,
      "requires": {
        "@remix-run/router": "1.4.0",
        "react-router": "6.9.0"
      }
    },
    "react-scripts": {
      "version": "file:../node_modules/react-scripts",
      "requires": {
        "@babel/core": "^7.16.0",
        "@pmmmwh/react-refresh-webpack-plugin": "^0.5.3",
        "@svgr/webpack": "^5.5.0",
        "babel-jest": "^27.4.2",
        "babel-loader": "^8.2.3",
        "babel-plugin-named-asset-import": "^0.3.8",
        "babel-preset-react-app": "^10.0.1",
        "bfj": "^7.0.2",
        "browserslist": "^4.18.1",
        "camelcase": "^6.2.1",
        "case-sensitive-paths-webpack-plugin": "^2.4.0",
        "css-loader": "^6.5.1",
        "css-minimizer-webpack-plugin": "^3.2.0",
        "dotenv": "^10.0.0",
        "dotenv-expand": "^5.1.0",
        "eslint": "^8.3.0",
        "eslint-config-react-app": "^7.0.1",
        "eslint-webpack-plugin": "^3.1.1",
        "file-loader": "^6.2.0",
        "fs-extra": "^10.0.0",
        "fsevents": "^2.3.2",
        "html-webpack-plugin": "^5.5.0",
        "identity-obj-proxy": "^3.0.0",
        "jest": "^27.4.3",
        "jest-resolve": "^27.4.2",
        "jest-watch-typeahead": "^1.0.0",
        "mini-css-extract-plugin": "^2.4.5",
        "postcss": "^8.4.4",
        "postcss-flexbugs-fixes": "^5.0.2",
        "postcss-loader": "^6.2.1",
        "postcss-normalize": "^10.0.1",
        "postcss-preset-env": "^7.0.1",
        "prompts": "^2.4.2",
        "react": "^18.0.0",
        "react-app-polyfill": "^3.0.0",
        "react-dev-utils": "^12.0.1",
        "react-dom": "^18.0.0",
        "react-refresh": "^0.11.0",
        "resolve": "^1.20.0",
        "resolve-url-loader": "^4.0.0",
        "sass-loader": "^12.3.0",
        "semver": "^7.3.5",
        "source-map-loader": "^3.0.0",
        "style-loader": "^3.3.1",
        "tailwindcss": "^3.0.2",
        "terser-webpack-plugin": "^5.2.5",
        "webpack": "^5.64.4",
        "webpack-dev-server": "^4.6.0",
        "webpack-manifest-plugin": "^4.0.2",
        "workbox-webpack-plugin": "^6.4.1"
      }
    },
    "rimraf": {
      "version": "3.0.2",
      "resolved": "https://registry.npmjs.org/rimraf/-/rimraf-3.0.2.tgz",
      "integrity": "sha512-JZkJMZkAGFFPP2YqXZXPbMlMBgsxzE8ILs4lMIX/2o0L9UBw9O/Y3o6wFw/i9YLapcUJWwqbi3kdxIPdC62TIA==",
      "dev": true,
      "requires": {
        "glob": "^7.1.3"
      }
    },
    "wrappy": {
      "version": "1.0.2",
      "resolved": "https://registry.npmjs.org/wrappy/-/wrappy-1.0.2.tgz",
      "integrity": "sha512-l4Sp/DRseor9wL6EvV2+TuQn63dMkPjZ/sp9XkghTEbV9KlPS1xUsZ3u7/IQO4wxtcFB4bgpQPRcR3QCvezPcQ==",
      "dev": true
    }
  }
}
